// !$*UTF8*$!
{
	archiveVersion = 1;
	classes = {
	};
	objectVersion = 46;
	objects = {

/* Begin PBXBuildFile section */
		6291CA5919E13E5B00ACBA82 /* AppDelegate.swift in Sources */ = {isa = PBXBuildFile; fileRef = 6291CA5819E13E5B00ACBA82 /* AppDelegate.swift */; };
		6291CA5B19E13E5B00ACBA82 /* ViewController.swift in Sources */ = {isa = PBXBuildFile; fileRef = 6291CA5A19E13E5B00ACBA82 /* ViewController.swift */; };
		6291CA5E19E13E5B00ACBA82 /* Main.storyboard in Resources */ = {isa = PBXBuildFile; fileRef = 6291CA5C19E13E5B00ACBA82 /* Main.storyboard */; };
		6291CA6019E13E5B00ACBA82 /* Images.xcassets in Resources */ = {isa = PBXBuildFile; fileRef = 6291CA5F19E13E5B00ACBA82 /* Images.xcassets */; };
		6291CA6319E13E5B00ACBA82 /* LaunchScreen.xib in Resources */ = {isa = PBXBuildFile; fileRef = 6291CA6119E13E5B00ACBA82 /* LaunchScreen.xib */; };
		6291CA6F19E13E5B00ACBA82 /* DateInputTests.swift in Sources */ = {isa = PBXBuildFile; fileRef = 6291CA6E19E13E5B00ACBA82 /* DateInputTests.swift */; };
		6291CA7919E13E6800ACBA82 /* DateInput.swift in Sources */ = {isa = PBXBuildFile; fileRef = 6291CA7819E13E6800ACBA82 /* DateInput.swift */; };
		6291CA7B19E142D700ACBA82 /* NSDate+Utils.swift in Sources */ = {isa = PBXBuildFile; fileRef = 6291CA7A19E142D700ACBA82 /* NSDate+Utils.swift */; };
		62BF6A4F1A10F8BC00811C72 /* CalendarView.swift in Sources */ = {isa = PBXBuildFile; fileRef = 62BF6A4E1A10F8BC00811C72 /* CalendarView.swift */; };
		62D09CBD1A0104BA00EDB93A /* CGSize+Utils.swift in Sources */ = {isa = PBXBuildFile; fileRef = 62D09CBC1A0104BA00EDB93A /* CGSize+Utils.swift */; };
/* End PBXBuildFile section */

/* Begin PBXContainerItemProxy section */
		6291CA6919E13E5B00ACBA82 /* PBXContainerItemProxy */ = {
			isa = PBXContainerItemProxy;
			containerPortal = 6291CA4B19E13E5B00ACBA82 /* Project object */;
			proxyType = 1;
			remoteGlobalIDString = 6291CA5219E13E5B00ACBA82;
			remoteInfo = DateInput;
		};
/* End PBXContainerItemProxy section */

/* Begin PBXFileReference section */
		6291CA5319E13E5B00ACBA82 /* DateInput.app */ = {isa = PBXFileReference; explicitFileType = wrapper.application; includeInIndex = 0; path = DateInput.app; sourceTree = BUILT_PRODUCTS_DIR; };
		6291CA5719E13E5B00ACBA82 /* Info.plist */ = {isa = PBXFileReference; lastKnownFileType = text.plist.xml; path = Info.plist; sourceTree = "<group>"; };
		6291CA5819E13E5B00ACBA82 /* AppDelegate.swift */ = {isa = PBXFileReference; lastKnownFileType = sourcecode.swift; path = AppDelegate.swift; sourceTree = "<group>"; };
		6291CA5A19E13E5B00ACBA82 /* ViewController.swift */ = {isa = PBXFileReference; lastKnownFileType = sourcecode.swift; path = ViewController.swift; sourceTree = "<group>"; };
		6291CA5D19E13E5B00ACBA82 /* Base */ = {isa = PBXFileReference; lastKnownFileType = file.storyboard; name = Base; path = Base.lproj/Main.storyboard; sourceTree = "<group>"; };
		6291CA5F19E13E5B00ACBA82 /* Images.xcassets */ = {isa = PBXFileReference; lastKnownFileType = folder.assetcatalog; path = Images.xcassets; sourceTree = "<group>"; };
		6291CA6219E13E5B00ACBA82 /* Base */ = {isa = PBXFileReference; lastKnownFileType = file.xib; name = Base; path = Base.lproj/LaunchScreen.xib; sourceTree = "<group>"; };
		6291CA6819E13E5B00ACBA82 /* DateInputTests.xctest */ = {isa = PBXFileReference; explicitFileType = wrapper.cfbundle; includeInIndex = 0; path = DateInputTests.xctest; sourceTree = BUILT_PRODUCTS_DIR; };
		6291CA6D19E13E5B00ACBA82 /* Info.plist */ = {isa = PBXFileReference; lastKnownFileType = text.plist.xml; path = Info.plist; sourceTree = "<group>"; };
		6291CA6E19E13E5B00ACBA82 /* DateInputTests.swift */ = {isa = PBXFileReference; lastKnownFileType = sourcecode.swift; path = DateInputTests.swift; sourceTree = "<group>"; };
		6291CA7819E13E6800ACBA82 /* DateInput.swift */ = {isa = PBXFileReference; fileEncoding = 4; lastKnownFileType = sourcecode.swift; path = DateInput.swift; sourceTree = "<group>"; };
		6291CA7A19E142D700ACBA82 /* NSDate+Utils.swift */ = {isa = PBXFileReference; fileEncoding = 4; lastKnownFileType = sourcecode.swift; path = "NSDate+Utils.swift"; sourceTree = "<group>"; };
		6291CA7C19E1440E00ACBA82 /* MyPlayground.playground */ = {isa = PBXFileReference; lastKnownFileType = file.playground; path = MyPlayground.playground; sourceTree = "<group>"; };
		62BF6A4E1A10F8BC00811C72 /* CalendarView.swift */ = {isa = PBXFileReference; fileEncoding = 4; lastKnownFileType = sourcecode.swift; path = CalendarView.swift; sourceTree = "<group>"; };
		62D09CBC1A0104BA00EDB93A /* CGSize+Utils.swift */ = {isa = PBXFileReference; fileEncoding = 4; lastKnownFileType = sourcecode.swift; path = "CGSize+Utils.swift"; sourceTree = "<group>"; };
/* End PBXFileReference section */

/* Begin PBXFrameworksBuildPhase section */
		6291CA5019E13E5B00ACBA82 /* Frameworks */ = {
			isa = PBXFrameworksBuildPhase;
			buildActionMask = 2147483647;
			files = (
			);
			runOnlyForDeploymentPostprocessing = 0;
		};
		6291CA6519E13E5B00ACBA82 /* Frameworks */ = {
			isa = PBXFrameworksBuildPhase;
			buildActionMask = 2147483647;
			files = (
			);
			runOnlyForDeploymentPostprocessing = 0;
		};
/* End PBXFrameworksBuildPhase section */

/* Begin PBXGroup section */
		6291CA4A19E13E5B00ACBA82 = {
			isa = PBXGroup;
			children = (
				6291CA5519E13E5B00ACBA82 /* DateInput */,
				6291CA6B19E13E5B00ACBA82 /* DateInputTests */,
				6291CA5419E13E5B00ACBA82 /* Products */,
			);
			sourceTree = "<group>";
		};
		6291CA5419E13E5B00ACBA82 /* Products */ = {
			isa = PBXGroup;
			children = (
				6291CA5319E13E5B00ACBA82 /* DateInput.app */,
				6291CA6819E13E5B00ACBA82 /* DateInputTests.xctest */,
			);
			name = Products;
			sourceTree = "<group>";
		};
		6291CA5519E13E5B00ACBA82 /* DateInput */ = {
			isa = PBXGroup;
			children = (
				6291CA5819E13E5B00ACBA82 /* AppDelegate.swift */,
				6291CA5A19E13E5B00ACBA82 /* ViewController.swift */,
				6291CA5C19E13E5B00ACBA82 /* Main.storyboard */,
				6291CA5F19E13E5B00ACBA82 /* Images.xcassets */,
				6291CA6119E13E5B00ACBA82 /* LaunchScreen.xib */,
				6291CA5619E13E5B00ACBA82 /* Supporting Files */,
				6291CA7819E13E6800ACBA82 /* DateInput.swift */,
				62BF6A4E1A10F8BC00811C72 /* CalendarView.swift */,
				6291CA7A19E142D700ACBA82 /* NSDate+Utils.swift */,
				62D09CBC1A0104BA00EDB93A /* CGSize+Utils.swift */,
				6291CA7C19E1440E00ACBA82 /* MyPlayground.playground */,
			);
			path = DateInput;
			sourceTree = "<group>";
		};
		6291CA5619E13E5B00ACBA82 /* Supporting Files */ = {
			isa = PBXGroup;
			children = (
				6291CA5719E13E5B00ACBA82 /* Info.plist */,
			);
			name = "Supporting Files";
			sourceTree = "<group>";
		};
		6291CA6B19E13E5B00ACBA82 /* DateInputTests */ = {
			isa = PBXGroup;
			children = (
				6291CA6E19E13E5B00ACBA82 /* DateInputTests.swift */,
				6291CA6C19E13E5B00ACBA82 /* Supporting Files */,
			);
			path = DateInputTests;
			sourceTree = "<group>";
		};
		6291CA6C19E13E5B00ACBA82 /* Supporting Files */ = {
			isa = PBXGroup;
			children = (
				6291CA6D19E13E5B00ACBA82 /* Info.plist */,
			);
			name = "Supporting Files";
			sourceTree = "<group>";
		};
/* End PBXGroup section */

/* Begin PBXNativeTarget section */
		6291CA5219E13E5B00ACBA82 /* DateInput */ = {
			isa = PBXNativeTarget;
			buildConfigurationList = 6291CA7219E13E5B00ACBA82 /* Build configuration list for PBXNativeTarget "DateInput" */;
			buildPhases = (
				6291CA4F19E13E5B00ACBA82 /* Sources */,
				6291CA5019E13E5B00ACBA82 /* Frameworks */,
				6291CA5119E13E5B00ACBA82 /* Resources */,
			);
			buildRules = (
			);
			dependencies = (
			);
			name = DateInput;
			productName = DateInput;
			productReference = 6291CA5319E13E5B00ACBA82 /* DateInput.app */;
			productType = "com.apple.product-type.application";
		};
		6291CA6719E13E5B00ACBA82 /* DateInputTests */ = {
			isa = PBXNativeTarget;
			buildConfigurationList = 6291CA7519E13E5B00ACBA82 /* Build configuration list for PBXNativeTarget "DateInputTests" */;
			buildPhases = (
				6291CA6419E13E5B00ACBA82 /* Sources */,
				6291CA6519E13E5B00ACBA82 /* Frameworks */,
				6291CA6619E13E5B00ACBA82 /* Resources */,
			);
			buildRules = (
			);
			dependencies = (
				6291CA6A19E13E5B00ACBA82 /* PBXTargetDependency */,
			);
			name = DateInputTests;
			productName = DateInputTests;
			productReference = 6291CA6819E13E5B00ACBA82 /* DateInputTests.xctest */;
			productType = "com.apple.product-type.bundle.unit-test";
		};
/* End PBXNativeTarget section */

/* Begin PBXProject section */
		6291CA4B19E13E5B00ACBA82 /* Project object */ = {
			isa = PBXProject;
			attributes = {
				LastUpgradeCheck = 0600;
				ORGANIZATIONNAME = "Junichi Ishida";
				TargetAttributes = {
					6291CA5219E13E5B00ACBA82 = {
						CreatedOnToolsVersion = 6.0.1;
					};
					6291CA6719E13E5B00ACBA82 = {
						CreatedOnToolsVersion = 6.0.1;
						TestTargetID = 6291CA5219E13E5B00ACBA82;
					};
				};
			};
			buildConfigurationList = 6291CA4E19E13E5B00ACBA82 /* Build configuration list for PBXProject "DateInput" */;
			compatibilityVersion = "Xcode 3.2";
			developmentRegion = English;
			hasScannedForEncodings = 0;
			knownRegions = (
				en,
				Base,
			);
			mainGroup = 6291CA4A19E13E5B00ACBA82;
			productRefGroup = 6291CA5419E13E5B00ACBA82 /* Products */;
			projectDirPath = "";
			projectRoot = "";
			targets = (
				6291CA5219E13E5B00ACBA82 /* DateInput */,
				6291CA6719E13E5B00ACBA82 /* DateInputTests */,
			);
		};
/* End PBXProject section */

/* Begin PBXResourcesBuildPhase section */
		6291CA5119E13E5B00ACBA82 /* Resources */ = {
			isa = PBXResourcesBuildPhase;
			buildActionMask = 2147483647;
			files = (
				6291CA5E19E13E5B00ACBA82 /* Main.storyboard in Resources */,
				6291CA6319E13E5B00ACBA82 /* LaunchScreen.xib in Resources */,
				6291CA6019E13E5B00ACBA82 /* Images.xcassets in Resources */,
			);
			runOnlyForDeploymentPostprocessing = 0;
		};
		6291CA6619E13E5B00ACBA82 /* Resources */ = {
			isa = PBXResourcesBuildPhase;
			buildActionMask = 2147483647;
			files = (
			);
			runOnlyForDeploymentPostprocessing = 0;
		};
/* End PBXResourcesBuildPhase section */

/* Begin PBXSourcesBuildPhase section */
		6291CA4F19E13E5B00ACBA82 /* Sources */ = {
			isa = PBXSourcesBuildPhase;
			buildActionMask = 2147483647;
			files = (
				6291CA7B19E142D700ACBA82 /* NSDate+Utils.swift in Sources */,
				6291CA7919E13E6800ACBA82 /* DateInput.swift in Sources */,
				62BF6A4F1A10F8BC00811C72 /* CalendarView.swift in Sources */,
				6291CA5B19E13E5B00ACBA82 /* ViewController.swift in Sources */,
				62D09CBD1A0104BA00EDB93A /* CGSize+Utils.swift in Sources */,
				6291CA5919E13E5B00ACBA82 /* AppDelegate.swift in Sources */,
			);
			runOnlyForDeploymentPostprocessing = 0;
		};
		6291CA6419E13E5B00ACBA82 /* Sources */ = {
			isa = PBXSourcesBuildPhase;
			buildActionMask = 2147483647;
			files = (
				6291CA6F19E13E5B00ACBA82 /* DateInputTests.swift in Sources */,
			);
			runOnlyForDeploymentPostprocessing = 0;
		};
/* End PBXSourcesBuildPhase section */

/* Begin PBXTargetDependency section */
		6291CA6A19E13E5B00ACBA82 /* PBXTargetDependency */ = {
			isa = PBXTargetDependency;
			target = 6291CA5219E13E5B00ACBA82 /* DateInput */;
			targetProxy = 6291CA6919E13E5B00ACBA82 /* PBXContainerItemProxy */;
		};
/* End PBXTargetDependency section */

/* Begin PBXVariantGroup section */
		6291CA5C19E13E5B00ACBA82 /* Main.storyboard */ = {
			isa = PBXVariantGroup;
			children = (
				6291CA5D19E13E5B00ACBA82 /* Base */,
			);
			name = Main.storyboard;
			sourceTree = "<group>";
		};
		6291CA6119E13E5B00ACBA82 /* LaunchScreen.xib */ = {
			isa = PBXVariantGroup;
			children = (
				6291CA6219E13E5B00ACBA82 /* Base */,
			);
			name = LaunchScreen.xib;
			sourceTree = "<group>";
		};
/* End PBXVariantGroup section */

/* Begin XCBuildConfiguration section */
		6291CA7019E13E5B00ACBA82 /* Debug */ = {
			isa = XCBuildConfiguration;
			buildSettings = {
				ALWAYS_SEARCH_USER_PATHS = NO;
				CLANG_CXX_LANGUAGE_STANDARD = "gnu++0x";
				CLANG_CXX_LIBRARY = "libc++";
				CLANG_ENABLE_MODULES = YES;
				CLANG_ENABLE_OBJC_ARC = YES;
				CLANG_WARN_BOOL_CONVERSION = YES;
				CLANG_WARN_CONSTANT_CONVERSION = YES;
				CLANG_WARN_DIRECT_OBJC_ISA_USAGE = YES_ERROR;
				CLANG_WARN_EMPTY_BODY = YES;
				CLANG_WARN_ENUM_CONVERSION = YES;
				CLANG_WARN_INT_CONVERSION = YES;
				CLANG_WARN_OBJC_ROOT_CLASS = YES_ERROR;
				CLANG_WARN_UNREACHABLE_CODE = YES;
				CLANG_WARN__DUPLICATE_METHOD_MATCH = YES;
				"CODE_SIGN_IDENTITY[sdk=iphoneos*]" = "iPhone Developer";
				COPY_PHASE_STRIP = NO;
				ENABLE_STRICT_OBJC_MSGSEND = YES;
				GCC_C_LANGUAGE_STANDARD = gnu99;
				GCC_DYNAMIC_NO_PIC = NO;
				GCC_OPTIMIZATION_LEVEL = 0;
				GCC_PREPROCESSOR_DEFINITIONS = (
					"DEBUG=1",
					"$(inherited)",
				);
				GCC_SYMBOLS_PRIVATE_EXTERN = NO;
				GCC_WARN_64_TO_32_BIT_CONVERSION = YES;
				GCC_WARN_ABOUT_RETURN_TYPE = YES_ERROR;
				GCC_WARN_UNDECLARED_SELECTOR = YES;
				GCC_WARN_UNINITIALIZED_AUTOS = YES_AGGRESSIVE;
				GCC_WARN_UNUSED_FUNCTION = YES;
				GCC_WARN_UNUSED_VARIABLE = YES;
				IPHONEOS_DEPLOYMENT_TARGET = 8.0;
				MTL_ENABLE_DEBUG_INFO = YES;
				ONLY_ACTIVE_ARCH = YES;
				SDKROOT = iphoneos;
				SWIFT_OPTIMIZATION_LEVEL = "-Onone";
			};
			name = Debug;
		};
		6291CA7119E13E5B00ACBA82 /* Release */ = {
			isa = XCBuildConfiguration;
			buildSettings = {
				ALWAYS_SEARCH_USER_PATHS = NO;
				CLANG_CXX_LANGUAGE_STANDARD = "gnu++0x";
				CLANG_CXX_LIBRARY = "libc++";
				CLANG_ENABLE_MODULES = YES;
				CLANG_ENABLE_OBJC_ARC = YES;
				CLANG_WARN_BOOL_CONVERSION = YES;
				CLANG_WARN_CONSTANT_CONVERSION = YES;
				CLANG_WARN_DIRECT_OBJC_ISA_USAGE = YES_ERROR;
				CLANG_WARN_EMPTY_BODY = YES;
				CLANG_WARN_ENUM_CONVERSION = YES;
				CLANG_WARN_INT_CONVERSION = YES;
				CLANG_WARN_OBJC_ROOT_CLASS = YES_ERROR;
				CLANG_WARN_UNREACHABLE_CODE = YES;
				CLANG_WARN__DUPLICATE_METHOD_MATCH = YES;
				"CODE_SIGN_IDENTITY[sdk=iphoneos*]" = "iPhone Developer";
				COPY_PHASE_STRIP = YES;
				ENABLE_NS_ASSERTIONS = NO;
				ENABLE_STRICT_OBJC_MSGSEND = YES;
				GCC_C_LANGUAGE_STANDARD = gnu99;
				GCC_WARN_64_TO_32_BIT_CONVERSION = YES;
				GCC_WARN_ABOUT_RETURN_TYPE = YES_ERROR;
				GCC_WARN_UNDECLARED_SELECTOR = YES;
				GCC_WARN_UNINITIALIZED_AUTOS = YES_AGGRESSIVE;
				GCC_WARN_UNUSED_FUNCTION = YES;
				GCC_WARN_UNUSED_VARIABLE = YES;
				IPHONEOS_DEPLOYMENT_TARGET = 8.0;
				MTL_ENABLE_DEBUG_INFO = NO;
				SDKROOT = iphoneos;
				VALIDATE_PRODUCT = YES;
			};
			name = Release;
		};
		6291CA7319E13E5B00ACBA82 /* Debug */ = {
			isa = XCBuildConfiguration;
			buildSettings = {
				ASSETCATALOG_COMPILER_APPICON_NAME = AppIcon;
				INFOPLIST_FILE = DateInput/Info.plist;
				LD_RUNPATH_SEARCH_PATHS = "$(inherited) @executable_path/Frameworks";
				PRODUCT_NAME = "$(TARGET_NAME)";
			};
			name = Debug;
		};
		6291CA7419E13E5B00ACBA82 /* Release */ = {
			isa = XCBuildConfiguration;
			buildSettings = {
				ASSETCATALOG_COMPILER_APPICON_NAME = AppIcon;
				INFOPLIST_FILE = DateInput/Info.plist;
				LD_RUNPATH_SEARCH_PATHS = "$(inherited) @executable_path/Frameworks";
				PRODUCT_NAME = "$(TARGET_NAME)";
			};
			name = Release;
		};
		6291CA7619E13E5B00ACBA82 /* Debug */ = {
			isa = XCBuildConfiguration;
			buildSettings = {
				BUNDLE_LOADER = "$(TEST_HOST)";
				FRAMEWORK_SEARCH_PATHS = (
					"$(SDKROOT)/Developer/Library/Frameworks",
					"$(inherited)",
				);
				GCC_PREPROCESSOR_DEFINITIONS = (
					"DEBUG=1",
					"$(inherited)",
				);
				INFOPLIST_FILE = DateInputTests/Info.plist;
				LD_RUNPATH_SEARCH_PATHS = "$(inherited) @executable_path/Frameworks @loader_path/Frameworks";
				PRODUCT_NAME = "$(TARGET_NAME)";
				TEST_HOST = "$(BUILT_PRODUCTS_DIR)/DateInput.app/DateInput";
			};
			name = Debug;
		};
		6291CA7719E13E5B00ACBA82 /* Release */ = {
			isa = XCBuildConfiguration;
			buildSettings = {
				BUNDLE_LOADER = "$(TEST_HOST)";
				FRAMEWORK_SEARCH_PATHS = (
					"$(SDKROOT)/Developer/Library/Frameworks",
					"$(inherited)",
				);
				INFOPLIST_FILE = DateInputTests/Info.plist;
				LD_RUNPATH_SEARCH_PATHS = "$(inherited) @executable_path/Frameworks @loader_path/Frameworks";
				PRODUCT_NAME = "$(TARGET_NAME)";
				TEST_HOST = "$(BUILT_PRODUCTS_DIR)/DateInput.app/DateInput";
			};
			name = Release;
		};
/* End XCBuildConfiguration section */

/* Begin XCConfigurationList section */
		6291CA4E19E13E5B00ACBA82 /* Build configuration list for PBXProject "DateInput" */ = {
			isa = XCConfigurationList;
			buildConfigurations = (
				6291CA7019E13E5B00ACBA82 /* Debug */,
				6291CA7119E13E5B00ACBA82 /* Release */,
			);
			defaultConfigurationIsVisible = 0;
			defaultConfigurationName = Release;
		};
		6291CA7219E13E5B00ACBA82 /* Build configuration list for PBXNativeTarget "DateInput" */ = {
			isa = XCConfigurationList;
			buildConfigurations = (
				6291CA7319E13E5B00ACBA82 /* Debug */,
				6291CA7419E13E5B00ACBA82 /* Release */,
			);
			defaultConfigurationIsVisible = 0;
			defaultConfigurationName = Release;
		};
		6291CA7519E13E5B00ACBA82 /* Build configuration list for PBXNativeTarget "DateInputTests" */ = {
			isa = XCConfigurationList;
			buildConfigurations = (
				6291CA7619E13E5B00ACBA82 /* Debug */,
				6291CA7719E13E5B00ACBA82 /* Release */,
			);
			defaultConfigurationIsVisible = 0;
			defaultConfigurationName = Release;
		};
/* End XCConfigurationList section */
	};
	rootObject = 6291CA4B19E13E5B00ACBA82 /* Project object */;
}
